dependencies:
- name: prometheus
  repository: https://prometheus-community.github.io/helm-charts
  version: 25.27.0
- name: clickhouse
  repository: https://charts.bitnami.com/bitnami
  version: 6.2.23
- name: opentelemetry-operator
  repository: https://open-telemetry.github.io/opentelemetry-helm-charts
  version: 0.69.0
digest: sha256:21d5c7fd3c026726d7399fc685cd6144479508e3fe9408f263a333b48c64b4eb
generated: "2024-09-18T12:43:41.6708+01:00"
